
Microsoft Visual Studio Solution File, Format Version 12.00
# Visual Studio 15
VisualStudioVersion = 15.0.26403.7
MinimumVisualStudioVersion = 10.0.40219.1
Project("{E24C65DC-7377-472B-9ABA-BC803B73C61A}") = "NewsletterSub", "..\..\WebSites\NewsletterSub\", "{05E19E5C-1B94-42AB-AE00-EC0FDEF7308B}"
	ProjectSection(WebsiteProperties) = preProject
		TargetFrameworkMoniker = ".NETFramework,Version%3Dv4.5.2"
		Debug.AspNetCompiler.VirtualPath = "/localhost_60396"
		Debug.AspNetCompiler.PhysicalPath = "..\..\WebSites\NewsletterSub\"
		Debug.AspNetCompiler.TargetPath = "PrecompiledWeb\localhost_60396\"
		Debug.AspNetCompiler.Updateable = "true"
		Debug.AspNetCompiler.ForceOverwrite = "true"
		Debug.AspNetCompiler.FixedNames = "false"
		Debug.AspNetCompiler.Debug = "True"
		Release.AspNetCompiler.VirtualPath = "/localhost_60396"
		Release.AspNetCompiler.PhysicalPath = "..\..\WebSites\NewsletterSub\"
		Release.AspNetCompiler.TargetPath = "PrecompiledWeb\localhost_60396\"
		Release.AspNetCompiler.Updateable = "true"
		Release.AspNetCompiler.ForceOverwrite = "true"
		Release.AspNetCompiler.FixedNames = "false"
		Release.AspNetCompiler.Debug = "False"
		VWDPort = "60396"
		SlnRelativePath = "..\..\WebSites\NewsletterSub\"
		DefaultWebSiteLanguage = "Visual C#"
	EndProjectSection
EndProject
Global
	GlobalSection(SolutionConfigurationPlatforms) = preSolution
		Debug|Any CPU = Debug|Any CPU
	EndGlobalSection
	GlobalSection(ProjectConfigurationPlatforms) = postSolution
		{05E19E5C-1B94-42AB-AE00-EC0FDEF7308B}.Debug|Any CPU.ActiveCfg = Debug|Any CPU
		{05E19E5C-1B94-42AB-AE00-EC0FDEF7308B}.Debug|Any CPU.Build.0 = Debug|Any CPU
	EndGlobalSection
	GlobalSection(SolutionProperties) = preSolution
		HideSolutionNode = FALSE
	EndGlobalSection
EndGlobal
